
Microsoft Visual Studio Solution File, Format Version 12.00
# Visual Studio Version 17
VisualStudioVersion = 17.2.32616.157
MinimumVisualStudioVersion = 10.0.40219.1
Project("{FAE04EC0-301F-11D3-BF4B-00C04F79EFBC}") = "BlazorIdentityServerTutorial.Server", "BlazorIdentityServerTutorial\Server\BlazorIdentityServerTutorial.Server.csproj", "{ABE3C654-E8CF-476A-B7CB-5AAD57E2F1FD}"
EndProject
Project("{FAE04EC0-301F-11D3-BF4B-00C04F79EFBC}") = "BlazorIdentityServerTutorial.Client", "BlazorIdentityServerTutorial\Client\BlazorIdentityServerTutorial.Client.csproj", "{7408E43A-92D8-4B2D-8015-602C5A9008A4}"
EndProject
Project("{FAE04EC0-301F-11D3-BF4B-00C04F79EFBC}") = "BlazorIdentityServerTutorial.Shared", "BlazorIdentityServerTutorial\Shared\BlazorIdentityServerTutorial.Shared.csproj", "{93D83AB6-6DDD-4B0B-95CA-1FAEF3EF8D9F}"
EndProject
Global
	GlobalSection(SolutionConfigurationPlatforms) = preSolution
		Debug|Any CPU = Debug|Any CPU
		Release|Any CPU = Release|Any CPU
	EndGlobalSection
	GlobalSection(ProjectConfigurationPlatforms) = postSolution
		{ABE3C654-E8CF-476A-B7CB-5AAD57E2F1FD}.Debug|Any CPU.ActiveCfg = Debug|Any CPU
		{ABE3C654-E8CF-476A-B7CB-5AAD57E2F1FD}.Debug|Any CPU.Build.0 = Debug|Any CPU
		{ABE3C654-E8CF-476A-B7CB-5AAD57E2F1FD}.Release|Any CPU.ActiveCfg = Release|Any CPU
		{ABE3C654-E8CF-476A-B7CB-5AAD57E2F1FD}.Release|Any CPU.Build.0 = Release|Any CPU
		{7408E43A-92D8-4B2D-8015-602C5A9008A4}.Debug|Any CPU.ActiveCfg = Debug|Any CPU
		{7408E43A-92D8-4B2D-8015-602C5A9008A4}.Debug|Any CPU.Build.0 = Debug|Any CPU
		{7408E43A-92D8-4B2D-8015-602C5A9008A4}.Release|Any CPU.ActiveCfg = Release|Any CPU
		{7408E43A-92D8-4B2D-8015-602C5A9008A4}.Release|Any CPU.Build.0 = Release|Any CPU
		{93D83AB6-6DDD-4B0B-95CA-1FAEF3EF8D9F}.Debug|Any CPU.ActiveCfg = Debug|Any CPU
		{93D83AB6-6DDD-4B0B-95CA-1FAEF3EF8D9F}.Debug|Any CPU.Build.0 = Debug|Any CPU
		{93D83AB6-6DDD-4B0B-95CA-1FAEF3EF8D9F}.Release|Any CPU.ActiveCfg = Release|Any CPU
		{93D83AB6-6DDD-4B0B-95CA-1FAEF3EF8D9F}.Release|Any CPU.Build.0 = Release|Any CPU
	EndGlobalSection
	GlobalSection(SolutionProperties) = preSolution
		HideSolutionNode = FALSE
	EndGlobalSection
	GlobalSection(ExtensibilityGlobals) = postSolution
		SolutionGuid = {9A60E5C4-F11E-44C8-B65A-55F092943575}
	EndGlobalSection
EndGlobal
